// !$*UTF8*$!
{
	archiveVersion = 1;
	classes = {
	};
	objectVersion = 56;
	objects = {

/* Begin PBXBuildFile section */
		850007A52AF133EC00CFF26C /* main.swift in Sources */ = {isa = PBXBuildFile; fileRef = 850007A42AF133EC00CFF26C /* main.swift */; };
		850007AC2AF1352500CFF26C /* Insertion Sort.swift in Sources */ = {isa = PBXBuildFile; fileRef = 850007AB2AF1352500CFF26C /* Insertion Sort.swift */; };
		85CA67252AFA69CC00B0257E /* Algorithm.swift in Sources */ = {isa = PBXBuildFile; fileRef = 85CA67242AFA69CC00B0257E /* Algorithm.swift */; };
		85CA67262AFA69E500B0257E /* Algorithm.swift in Sources */ = {isa = PBXBuildFile; fileRef = 85CA67242AFA69CC00B0257E /* Algorithm.swift */; };
		85CA67282AFA6A3B00B0257E /* SwiftAlgorithmsTestCases.swift in Sources */ = {isa = PBXBuildFile; fileRef = 85CA671F2AFA691D00B0257E /* SwiftAlgorithmsTestCases.swift */; };
		85CA67292AFA6A3B00B0257E /* SwiftAlgorithmsTestCases.swift in Sources */ = {isa = PBXBuildFile; fileRef = 85CA671F2AFA691D00B0257E /* SwiftAlgorithmsTestCases.swift */; };
		85DE49212AF5071000B11B54 /* Quick Sort.swift in Sources */ = {isa = PBXBuildFile; fileRef = 85DE49202AF5071000B11B54 /* Quick Sort.swift */; };
/* End PBXBuildFile section */

/* Begin PBXCopyFilesBuildPhase section */
		8500079F2AF133EC00CFF26C /* CopyFiles */ = {
			isa = PBXCopyFilesBuildPhase;
			buildActionMask = 2147483647;
			dstPath = /usr/share/man/man1/;
			dstSubfolderSpec = 0;
			files = (
			);
			runOnlyForDeploymentPostprocessing = 1;
		};
/* End PBXCopyFilesBuildPhase section */

/* Begin PBXFileReference section */
		850007A12AF133EC00CFF26C /* Swift Algorithms */ = {isa = PBXFileReference; explicitFileType = "compiled.mach-o.executable"; includeInIndex = 0; path = "Swift Algorithms"; sourceTree = BUILT_PRODUCTS_DIR; };
		850007A42AF133EC00CFF26C /* main.swift */ = {isa = PBXFileReference; lastKnownFileType = sourcecode.swift; path = main.swift; sourceTree = "<group>"; };
		850007AB2AF1352500CFF26C /* Insertion Sort.swift */ = {isa = PBXFileReference; lastKnownFileType = sourcecode.swift; path = "Insertion Sort.swift"; sourceTree = "<group>"; };
		85CA671D2AFA691D00B0257E /* SwiftAlgorithmsTestCases.xctest */ = {isa = PBXFileReference; explicitFileType = wrapper.cfbundle; includeInIndex = 0; path = SwiftAlgorithmsTestCases.xctest; sourceTree = BUILT_PRODUCTS_DIR; };
		85CA671F2AFA691D00B0257E /* SwiftAlgorithmsTestCases.swift */ = {isa = PBXFileReference; lastKnownFileType = sourcecode.swift; path = SwiftAlgorithmsTestCases.swift; sourceTree = "<group>"; };
		85CA67242AFA69CC00B0257E /* Algorithm.swift */ = {isa = PBXFileReference; lastKnownFileType = sourcecode.swift; path = Algorithm.swift; sourceTree = "<group>"; };
		85DE49202AF5071000B11B54 /* Quick Sort.swift */ = {isa = PBXFileReference; lastKnownFileType = sourcecode.swift; path = "Quick Sort.swift"; sourceTree = "<group>"; };
/* End PBXFileReference section */

/* Begin PBXFrameworksBuildPhase section */
		8500079E2AF133EC00CFF26C /* Frameworks */ = {
			isa = PBXFrameworksBuildPhase;
			buildActionMask = 2147483647;
			files = (
			);
			runOnlyForDeploymentPostprocessing = 0;
		};
		85CA671A2AFA691D00B0257E /* Frameworks */ = {
			isa = PBXFrameworksBuildPhase;
			buildActionMask = 2147483647;
			files = (
			);
			runOnlyForDeploymentPostprocessing = 0;
		};
/* End PBXFrameworksBuildPhase section */

/* Begin PBXGroup section */
		850007982AF133EC00CFF26C = {
			isa = PBXGroup;
			children = (
				850007A32AF133EC00CFF26C /* Swift Algorithms */,
				85CA671E2AFA691D00B0257E /* SwiftAlgorithmsTestCases */,
				850007A22AF133EC00CFF26C /* Products */,
			);
			sourceTree = "<group>";
		};
		850007A22AF133EC00CFF26C /* Products */ = {
			isa = PBXGroup;
			children = (
				850007A12AF133EC00CFF26C /* Swift Algorithms */,
				85CA671D2AFA691D00B0257E /* SwiftAlgorithmsTestCases.xctest */,
			);
			name = Products;
			sourceTree = "<group>";
		};
		850007A32AF133EC00CFF26C /* Swift Algorithms */ = {
			isa = PBXGroup;
			children = (
				850007A42AF133EC00CFF26C /* main.swift */,
				85DE49202AF5071000B11B54 /* Quick Sort.swift */,
				850007AB2AF1352500CFF26C /* Insertion Sort.swift */,
				85CA67242AFA69CC00B0257E /* Algorithm.swift */,
			);
			path = "Swift Algorithms";
			sourceTree = "<group>";
		};
		85CA671E2AFA691D00B0257E /* SwiftAlgorithmsTestCases */ = {
			isa = PBXGroup;
			children = (
				85CA671F2AFA691D00B0257E /* SwiftAlgorithmsTestCases.swift */,
			);
			path = SwiftAlgorithmsTestCases;
			sourceTree = "<group>";
		};
/* End PBXGroup section */

/* Begin PBXNativeTarget section */
		850007A02AF133EC00CFF26C /* Swift Algorithms */ = {
			isa = PBXNativeTarget;
			buildConfigurationList = 850007A82AF133EC00CFF26C /* Build configuration list for PBXNativeTarget "Swift Algorithms" */;
			buildPhases = (
				8500079D2AF133EC00CFF26C /* Sources */,
				8500079E2AF133EC00CFF26C /* Frameworks */,
				8500079F2AF133EC00CFF26C /* CopyFiles */,
			);
			buildRules = (
			);
			dependencies = (
			);
			name = "Swift Algorithms";
			productName = "Swift Algorithms";
			productReference = 850007A12AF133EC00CFF26C /* Swift Algorithms */;
			productType = "com.apple.product-type.tool";
		};
		85CA671C2AFA691D00B0257E /* SwiftAlgorithmsTestCases */ = {
			isa = PBXNativeTarget;
			buildConfigurationList = 85CA67232AFA691D00B0257E /* Build configuration list for PBXNativeTarget "SwiftAlgorithmsTestCases" */;
			buildPhases = (
				85CA67192AFA691D00B0257E /* Sources */,
				85CA671A2AFA691D00B0257E /* Frameworks */,
				85CA671B2AFA691D00B0257E /* Resources */,
			);
			buildRules = (
			);
			dependencies = (
			);
			name = SwiftAlgorithmsTestCases;
			productName = SwiftAlgorithmsTestCases;
			productReference = 85CA671D2AFA691D00B0257E /* SwiftAlgorithmsTestCases.xctest */;
			productType = "com.apple.product-type.bundle.unit-test";
		};
/* End PBXNativeTarget section */

/* Begin PBXProject section */
		850007992AF133EC00CFF26C /* Project object */ = {
			isa = PBXProject;
			attributes = {
				BuildIndependentTargetsInParallel = 1;
				LastSwiftUpdateCheck = 1500;
				LastUpgradeCheck = 1500;
				TargetAttributes = {
					850007A02AF133EC00CFF26C = {
						CreatedOnToolsVersion = 15.0;
					};
					85CA671C2AFA691D00B0257E = {
						CreatedOnToolsVersion = 15.0;
					};
				};
			};
			buildConfigurationList = 8500079C2AF133EC00CFF26C /* Build configuration list for PBXProject "Swift Algorithms" */;
			compatibilityVersion = "Xcode 14.0";
			developmentRegion = en;
			hasScannedForEncodings = 0;
			knownRegions = (
				en,
				Base,
			);
			mainGroup = 850007982AF133EC00CFF26C;
			productRefGroup = 850007A22AF133EC00CFF26C /* Products */;
			projectDirPath = "";
			projectRoot = "";
			targets = (
				850007A02AF133EC00CFF26C /* Swift Algorithms */,
				85CA671C2AFA691D00B0257E /* SwiftAlgorithmsTestCases */,
			);
		};
/* End PBXProject section */

/* Begin PBXResourcesBuildPhase section */
		85CA671B2AFA691D00B0257E /* Resources */ = {
			isa = PBXResourcesBuildPhase;
			buildActionMask = 2147483647;
			files = (
			);
			runOnlyForDeploymentPostprocessing = 0;
		};
/* End PBXResourcesBuildPhase section */

/* Begin PBXSourcesBuildPhase section */
		8500079D2AF133EC00CFF26C /* Sources */ = {
			isa = PBXSourcesBuildPhase;
			buildActionMask = 2147483647;
			files = (
				850007AC2AF1352500CFF26C /* Insertion Sort.swift in Sources */,
				85CA67252AFA69CC00B0257E /* Algorithm.swift in Sources */,
				85CA67292AFA6A3B00B0257E /* SwiftAlgorithmsTestCases.swift in Sources */,
				850007A52AF133EC00CFF26C /* main.swift in Sources */,
				85DE49212AF5071000B11B54 /* Quick Sort.swift in Sources */,
			);
			runOnlyForDeploymentPostprocessing = 0;
		};
		85CA67192AFA691D00B0257E /* Sources */ = {
			isa = PBXSourcesBuildPhase;
			buildActionMask = 2147483647;
			files = (
				85CA67262AFA69E500B0257E /* Algorithm.swift in Sources */,
				85CA67282AFA6A3B00B0257E /* SwiftAlgorithmsTestCases.swift in Sources */,
			);
			runOnlyForDeploymentPostprocessing = 0;
		};
/* End PBXSourcesBuildPhase section */

/* Begin XCBuildConfiguration section */
		850007A62AF133EC00CFF26C /* Debug */ = {
			isa = XCBuildConfiguration;
			buildSettings = {
				ALWAYS_SEARCH_USER_PATHS = NO;
				ASSETCATALOG_COMPILER_GENERATE_SWIFT_ASSET_SYMBOL_EXTENSIONS = YES;
				CLANG_ANALYZER_NONNULL = YES;
				CLANG_ANALYZER_NUMBER_OBJECT_CONVERSION = YES_AGGRESSIVE;
				CLANG_CXX_LANGUAGE_STANDARD = "gnu++20";
				CLANG_ENABLE_MODULES = YES;
				CLANG_ENABLE_OBJC_ARC = YES;
				CLANG_ENABLE_OBJC_WEAK = YES;
				CLANG_WARN_BLOCK_CAPTURE_AUTORELEASING = YES;
				CLANG_WARN_BOOL_CONVERSION = YES;
				CLANG_WARN_COMMA = YES;
				CLANG_WARN_CONSTANT_CONVERSION = YES;
				CLANG_WARN_DEPRECATED_OBJC_IMPLEMENTATIONS = YES;
				CLANG_WARN_DIRECT_OBJC_ISA_USAGE = YES_ERROR;
				CLANG_WARN_DOCUMENTATION_COMMENTS = YES;
				CLANG_WARN_EMPTY_BODY = YES;
				CLANG_WARN_ENUM_CONVERSION = YES;
				CLANG_WARN_INFINITE_RECURSION = YES;
				CLANG_WARN_INT_CONVERSION = YES;
				CLANG_WARN_NON_LITERAL_NULL_CONVERSION = YES;
				CLANG_WARN_OBJC_IMPLICIT_RETAIN_SELF = YES;
				CLANG_WARN_OBJC_LITERAL_CONVERSION = YES;
				CLANG_WARN_OBJC_ROOT_CLASS = YES_ERROR;
				CLANG_WARN_QUOTED_INCLUDE_IN_FRAMEWORK_HEADER = YES;
				CLANG_WARN_RANGE_LOOP_ANALYSIS = YES;
				CLANG_WARN_STRICT_PROTOTYPES = YES;
				CLANG_WARN_SUSPICIOUS_MOVE = YES;
				CLANG_WARN_UNGUARDED_AVAILABILITY = YES_AGGRESSIVE;
				CLANG_WARN_UNREACHABLE_CODE = YES;
				CLANG_WARN__DUPLICATE_METHOD_MATCH = YES;
				COPY_PHASE_STRIP = NO;
				DEBUG_INFORMATION_FORMAT = dwarf;
				ENABLE_STRICT_OBJC_MSGSEND = YES;
				ENABLE_TESTABILITY = YES;
				ENABLE_USER_SCRIPT_SANDBOXING = YES;
				GCC_C_LANGUAGE_STANDARD = gnu17;
				GCC_DYNAMIC_NO_PIC = NO;
				GCC_NO_COMMON_BLOCKS = YES;
				GCC_OPTIMIZATION_LEVEL = 0;
				GCC_PREPROCESSOR_DEFINITIONS = (
					"DEBUG=1",
					"$(inherited)",
				);
				GCC_WARN_64_TO_32_BIT_CONVERSION = YES;
				GCC_WARN_ABOUT_RETURN_TYPE = YES_ERROR;
				GCC_WARN_UNDECLARED_SELECTOR = YES;
				GCC_WARN_UNINITIALIZED_AUTOS = YES_AGGRESSIVE;
				GCC_WARN_UNUSED_FUNCTION = YES;
				GCC_WARN_UNUSED_VARIABLE = YES;
				LOCALIZATION_PREFERS_STRING_CATALOGS = YES;
				MACOSX_DEPLOYMENT_TARGET = 13.5;
				MTL_ENABLE_DEBUG_INFO = INCLUDE_SOURCE;
				MTL_FAST_MATH = YES;
				ONLY_ACTIVE_ARCH = YES;
				SDKROOT = macosx;
				SWIFT_ACTIVE_COMPILATION_CONDITIONS = "DEBUG $(inherited)";
				SWIFT_OPTIMIZATION_LEVEL = "-Onone";
			};
			name = Debug;
		};
		850007A72AF133EC00CFF26C /* Release */ = {
			isa = XCBuildConfiguration;
			buildSettings = {
				ALWAYS_SEARCH_USER_PATHS = NO;
				ASSETCATALOG_COMPILER_GENERATE_SWIFT_ASSET_SYMBOL_EXTENSIONS = YES;
				CLANG_ANALYZER_NONNULL = YES;
				CLANG_ANALYZER_NUMBER_OBJECT_CONVERSION = YES_AGGRESSIVE;
				CLANG_CXX_LANGUAGE_STANDARD = "gnu++20";
				CLANG_ENABLE_MODULES = YES;
				CLANG_ENABLE_OBJC_ARC = YES;
				CLANG_ENABLE_OBJC_WEAK = YES;
				CLANG_WARN_BLOCK_CAPTURE_AUTORELEASING = YES;
				CLANG_WARN_BOOL_CONVERSION = YES;
				CLANG_WARN_COMMA = YES;
				CLANG_WARN_CONSTANT_CONVERSION = YES;
				CLANG_WARN_DEPRECATED_OBJC_IMPLEMENTATIONS = YES;
				CLANG_WARN_DIRECT_OBJC_ISA_USAGE = YES_ERROR;
				CLANG_WARN_DOCUMENTATION_COMMENTS = YES;
				CLANG_WARN_EMPTY_BODY = YES;
				CLANG_WARN_ENUM_CONVERSION = YES;
				CLANG_WARN_INFINITE_RECURSION = YES;
				CLANG_WARN_INT_CONVERSION = YES;
				CLANG_WARN_NON_LITERAL_NULL_CONVERSION = YES;
				CLANG_WARN_OBJC_IMPLICIT_RETAIN_SELF = YES;
				CLANG_WARN_OBJC_LITERAL_CONVERSION = YES;
				CLANG_WARN_OBJC_ROOT_CLASS = YES_ERROR;
				CLANG_WARN_QUOTED_INCLUDE_IN_FRAMEWORK_HEADER = YES;
				CLANG_WARN_RANGE_LOOP_ANALYSIS = YES;
				CLANG_WARN_STRICT_PROTOTYPES = YES;
				CLANG_WARN_SUSPICIOUS_MOVE = YES;
				CLANG_WARN_UNGUARDED_AVAILABILITY = YES_AGGRESSIVE;
				CLANG_WARN_UNREACHABLE_CODE = YES;
				CLANG_WARN__DUPLICATE_METHOD_MATCH = YES;
				COPY_PHASE_STRIP = NO;
				DEBUG_INFORMATION_FORMAT = "dwarf-with-dsym";
				ENABLE_NS_ASSERTIONS = NO;
				ENABLE_STRICT_OBJC_MSGSEND = YES;
				ENABLE_USER_SCRIPT_SANDBOXING = YES;
				GCC_C_LANGUAGE_STANDARD = gnu17;
				GCC_NO_COMMON_BLOCKS = YES;
				GCC_WARN_64_TO_32_BIT_CONVERSION = YES;
				GCC_WARN_ABOUT_RETURN_TYPE = YES_ERROR;
				GCC_WARN_UNDECLARED_SELECTOR = YES;
				GCC_WARN_UNINITIALIZED_AUTOS = YES_AGGRESSIVE;
				GCC_WARN_UNUSED_FUNCTION = YES;
				GCC_WARN_UNUSED_VARIABLE = YES;
				LOCALIZATION_PREFERS_STRING_CATALOGS = YES;
				MACOSX_DEPLOYMENT_TARGET = 13.5;
				MTL_ENABLE_DEBUG_INFO = NO;
				MTL_FAST_MATH = YES;
				SDKROOT = macosx;
				SWIFT_COMPILATION_MODE = wholemodule;
			};
			name = Release;
		};
		850007A92AF133EC00CFF26C /* Debug */ = {
			isa = XCBuildConfiguration;
			buildSettings = {
				CODE_SIGN_STYLE = Automatic;
				PRODUCT_NAME = "$(TARGET_NAME)";
				SWIFT_VERSION = 5.0;
			};
			name = Debug;
		};
		850007AA2AF133EC00CFF26C /* Release */ = {
			isa = XCBuildConfiguration;
			buildSettings = {
				CODE_SIGN_STYLE = Automatic;
				PRODUCT_NAME = "$(TARGET_NAME)";
				SWIFT_VERSION = 5.0;
			};
			name = Release;
		};
		85CA67212AFA691D00B0257E /* Debug */ = {
			isa = XCBuildConfiguration;
			buildSettings = {
				CODE_SIGN_STYLE = Automatic;
				CURRENT_PROJECT_VERSION = 1;
				GENERATE_INFOPLIST_FILE = YES;
				IPHONEOS_DEPLOYMENT_TARGET = 17.0;
				MACOSX_DEPLOYMENT_TARGET = 13.5;
				MARKETING_VERSION = 1.0;
				PRODUCT_BUNDLE_IDENTIFIER = com.eton.shreyasveturi.SwiftAlgorithmsTestCases;
				PRODUCT_NAME = "$(TARGET_NAME)";
				SDKROOT = auto;
				SUPPORTED_PLATFORMS = "iphoneos iphonesimulator macosx";
				SWIFT_EMIT_LOC_STRINGS = NO;
				SWIFT_VERSION = 5.0;
				TARGETED_DEVICE_FAMILY = "1,2";
			};
			name = Debug;
		};
		85CA67222AFA691D00B0257E /* Release */ = {
			isa = XCBuildConfiguration;
			buildSettings = {
				CODE_SIGN_STYLE = Automatic;
				CURRENT_PROJECT_VERSION = 1;
				GENERATE_INFOPLIST_FILE = YES;
				IPHONEOS_DEPLOYMENT_TARGET = 17.0;
				MACOSX_DEPLOYMENT_TARGET = 13.5;
				MARKETING_VERSION = 1.0;
				PRODUCT_BUNDLE_IDENTIFIER = com.eton.shreyasveturi.SwiftAlgorithmsTestCases;
				PRODUCT_NAME = "$(TARGET_NAME)";
				SDKROOT = auto;
				SUPPORTED_PLATFORMS = "iphoneos iphonesimulator macosx";
				SWIFT_EMIT_LOC_STRINGS = NO;
				SWIFT_VERSION = 5.0;
				TARGETED_DEVICE_FAMILY = "1,2";
			};
			name = Release;
		};
/* End XCBuildConfiguration section */

/* Begin XCConfigurationList section */
		8500079C2AF133EC00CFF26C /* Build configuration list for PBXProject "Swift Algorithms" */ = {
			isa = XCConfigurationList;
			buildConfigurations = (
				850007A62AF133EC00CFF26C /* Debug */,
				850007A72AF133EC00CFF26C /* Release */,
			);
			defaultConfigurationIsVisible = 0;
			defaultConfigurationName = Release;
		};
		850007A82AF133EC00CFF26C /* Build configuration list for PBXNativeTarget "Swift Algorithms" */ = {
			isa = XCConfigurationList;
			buildConfigurations = (
				850007A92AF133EC00CFF26C /* Debug */,
				850007AA2AF133EC00CFF26C /* Release */,
			);
			defaultConfigurationIsVisible = 0;
			defaultConfigurationName = Release;
		};
		85CA67232AFA691D00B0257E /* Build configuration list for PBXNativeTarget "SwiftAlgorithmsTestCases" */ = {
			isa = XCConfigurationList;
			buildConfigurations = (
				85CA67212AFA691D00B0257E /* Debug */,
				85CA67222AFA691D00B0257E /* Release */,
			);
			defaultConfigurationIsVisible = 0;
			defaultConfigurationName = Release;
		};
/* End XCConfigurationList section */
	};
	rootObject = 850007992AF133EC00CFF26C /* Project object */;
}
